
Microsoft Visual Studio Solution File, Format Version 12.00
# Visual Studio Version 17
VisualStudioVersion = 17.0.32014.148
MinimumVisualStudioVersion = 10.0.40219.1
Project("{FAE04EC0-301F-11D3-BF4B-00C04F79EFBC}") = "Compile time polymorphism", "Compile time polymorphism\Compile time polymorphism.csproj", "{56C5E2BF-A1FD-4F2D-A12F-D7C1FB3AB1FC}"
EndProject
Global
	GlobalSection(SolutionConfigurationPlatforms) = preSolution
		Debug|Any CPU = Debug|Any CPU
		Release|Any CPU = Release|Any CPU
	EndGlobalSection
	GlobalSection(ProjectConfigurationPlatforms) = postSolution
		{56C5E2BF-A1FD-4F2D-A12F-D7C1FB3AB1FC}.Debug|Any CPU.ActiveCfg = Debug|Any CPU
		{56C5E2BF-A1FD-4F2D-A12F-D7C1FB3AB1FC}.Debug|Any CPU.Build.0 = Debug|Any CPU
		{56C5E2BF-A1FD-4F2D-A12F-D7C1FB3AB1FC}.Release|Any CPU.ActiveCfg = Release|Any CPU
		{56C5E2BF-A1FD-4F2D-A12F-D7C1FB3AB1FC}.Release|Any CPU.Build.0 = Release|Any CPU
	EndGlobalSection
	GlobalSection(SolutionProperties) = preSolution
		HideSolutionNode = FALSE
	EndGlobalSection
	GlobalSection(ExtensibilityGlobals) = postSolution
		SolutionGuid = {4601927E-8850-4B44-9566-13369A599E8B}
	EndGlobalSection
EndGlobal
